<?xml version="1.0" encoding="UTF-8" standalone="yes" ?>
<CodeBlocks_project_file>
	<FileVersion major="1" minor="6" />
	<Project>
		<Option title="ADA_Programs" />
		<Option pch_mode="2" />
		<Option compiler="gcc" />
		<Build>
			<Target title="Debug">
				<Option output="bin/Debug/ADA_Programs" prefix_auto="1" extension_auto="1" />
				<Option object_output="obj/Debug/" />
				<Option type="1" />
				<Option compiler="gcc" />
				<Compiler>
					<Add option="-g" />
				</Compiler>
			</Target>
			<Target title="Release">
				<Option output="bin/Release/ADA_Programs" prefix_auto="1" extension_auto="1" />
				<Option object_output="obj/Release/" />
				<Option type="1" />
				<Option compiler="gcc" />
				<Compiler>
					<Add option="-O2" />
				</Compiler>
				<Linker>
					<Add option="-s" />
				</Linker>
			</Target>
		</Build>
		<Compiler>
			<Add option="-Wall" />
			<Add option="-fexceptions" />
		</Compiler>
		<Unit filename="P10_KnapsackAlgo.cpp">
			<Option target="Release" />
		</Unit>
		<Unit filename="P1_1_LinSrch.cpp">
			<Option target="Release" />
		</Unit>
		<Unit filename="P1_2_BinSrch.cpp">
			<Option target="&lt;{~None~}&gt;" />
		</Unit>
		<Unit filename="P2_1_InsSrt.cpp">
			<Option target="&lt;{~None~}&gt;" />
		</Unit>
		<Unit filename="P2_2_SelSrt.cpp">
			<Option target="Release" />
		</Unit>
		<Unit filename="P3_1_BblSrt.cpp">
			<Option target="&lt;{~None~}&gt;" />
		</Unit>
		<Unit filename="P3_2_RdxSrt.cpp">
			<Option target="&lt;{~None~}&gt;" />
		</Unit>
		<Unit filename="P4_HeapSrt.cpp">
			<Option target="&lt;{~None~}&gt;" />
		</Unit>
		<Unit filename="P5_1_MrgSrt.cpp">
			<Option target="&lt;{~None~}&gt;" />
		</Unit>
		<Unit filename="P5_2_QuickSrt.cpp">
			<Option target="&lt;{~None~}&gt;" />
		</Unit>
		<Unit filename="P6_StraseenMatrix.cpp">
			<Option target="&lt;{~None~}&gt;" />
		</Unit>
		<Unit filename="P7_1_KrsklAlgo.cpp">
			<Option target="Release" />
		</Unit>
		<Unit filename="P7_2_PrimsAlgo.cpp">
			<Option target="Release" />
		</Unit>
		<Unit filename="P8_DijkstraAlgo.cpp">
			<Option target="&lt;{~None~}&gt;" />
		</Unit>
		<Unit filename="P9_FloydAlgo.cpp">
			<Option target="&lt;{~None~}&gt;" />
		</Unit>
		<Extensions>
			<code_completion />
			<envvars />
			<debugger />
		</Extensions>
	</Project>
</CodeBlocks_project_file>
